
Microsoft Visual Studio Solution File, Format Version 12.00
# Visual Studio Version 16
VisualStudioVersion = 16.0.29326.143
MinimumVisualStudioVersion = 10.0.40219.1
Project("{FAE04EC0-301F-11D3-BF4B-00C04F79EFBC}") = "CS_Projekat", "CS_Projekat.csproj", "{69471BEC-094E-4906-A476-773F33E3386A}"
EndProject
Global
	GlobalSection(SolutionConfigurationPlatforms) = preSolution
		Debug|Any CPU = Debug|Any CPU
		Release|Any CPU = Release|Any CPU
	EndGlobalSection
	GlobalSection(ProjectConfigurationPlatforms) = postSolution
		{69471BEC-094E-4906-A476-773F33E3386A}.Debug|Any CPU.ActiveCfg = Debug|Any CPU
		{69471BEC-094E-4906-A476-773F33E3386A}.Debug|Any CPU.Build.0 = Debug|Any CPU
		{69471BEC-094E-4906-A476-773F33E3386A}.Release|Any CPU.ActiveCfg = Release|Any CPU
		{69471BEC-094E-4906-A476-773F33E3386A}.Release|Any CPU.Build.0 = Release|Any CPU
	EndGlobalSection
	GlobalSection(SolutionProperties) = preSolution
		HideSolutionNode = FALSE
	EndGlobalSection
	GlobalSection(ExtensibilityGlobals) = postSolution
		SolutionGuid = {E8B3A7B6-8265-4584-BA5C-EF527C931905}
	EndGlobalSection
EndGlobal
